
Microsoft Visual Studio Solution File, Format Version 12.00
# Visual Studio 16
Project("{FAE04EC0-301F-11D3-BF4B-00C04F79EFBC}") = "Assembly-CSharp", "Assembly-CSharp.csproj", "{A83C6B86-3689-F785-95CC-E812EA9CA871}"
EndProject
Project("{FAE04EC0-301F-11D3-BF4B-00C04F79EFBC}") = "Assembly-CSharp-firstpass", "Assembly-CSharp-firstpass.csproj", "{3AAA848C-D26C-DDB3-EF3D-23480AD58C37}"
EndProject
Project("{FAE04EC0-301F-11D3-BF4B-00C04F79EFBC}") = "Assembly-CSharp-Editor-firstpass", "Assembly-CSharp-Editor-firstpass.csproj", "{C431844B-A6EB-7DAA-C73B-901D7384DAD0}"
EndProject
Global
	GlobalSection(SolutionConfigurationPlatforms) = preSolution
		Debug|Any CPU = Debug|Any CPU
		Release|Any CPU = Release|Any CPU
	EndGlobalSection
	GlobalSection(ProjectConfigurationPlatforms) = postSolution
		{A83C6B86-3689-F785-95CC-E812EA9CA871}.Debug|Any CPU.ActiveCfg = Debug|Any CPU
		{A83C6B86-3689-F785-95CC-E812EA9CA871}.Debug|Any CPU.Build.0 = Debug|Any CPU
		{A83C6B86-3689-F785-95CC-E812EA9CA871}.Release|Any CPU.ActiveCfg = Release|Any CPU
		{A83C6B86-3689-F785-95CC-E812EA9CA871}.Release|Any CPU.Build.0 = Release|Any CPU
		{3AAA848C-D26C-DDB3-EF3D-23480AD58C37}.Debug|Any CPU.ActiveCfg = Debug|Any CPU
		{3AAA848C-D26C-DDB3-EF3D-23480AD58C37}.Debug|Any CPU.Build.0 = Debug|Any CPU
		{3AAA848C-D26C-DDB3-EF3D-23480AD58C37}.Release|Any CPU.ActiveCfg = Release|Any CPU
		{3AAA848C-D26C-DDB3-EF3D-23480AD58C37}.Release|Any CPU.Build.0 = Release|Any CPU
		{C431844B-A6EB-7DAA-C73B-901D7384DAD0}.Debug|Any CPU.ActiveCfg = Debug|Any CPU
		{C431844B-A6EB-7DAA-C73B-901D7384DAD0}.Debug|Any CPU.Build.0 = Debug|Any CPU
		{C431844B-A6EB-7DAA-C73B-901D7384DAD0}.Release|Any CPU.ActiveCfg = Release|Any CPU
		{C431844B-A6EB-7DAA-C73B-901D7384DAD0}.Release|Any CPU.Build.0 = Release|Any CPU
	EndGlobalSection
	GlobalSection(SolutionProperties) = preSolution
		HideSolutionNode = FALSE
	EndGlobalSection
EndGlobal
